// !$*UTF8*$!
{
	archiveVersion = 1;
	classes = {
	};
	objectVersion = 56;
	objects = {

/* Begin PBXBuildFile section */
		4141B70A2C6B3830000BA9CE /* CountrySearchSwiftUIApp.swift in Sources */ = {isa = PBXBuildFile; fileRef = 4141B7092C6B3830000BA9CE /* CountrySearchSwiftUIApp.swift */; };
		4141B70C2C6B3830000BA9CE /* ContentView.swift in Sources */ = {isa = PBXBuildFile; fileRef = 4141B70B2C6B3830000BA9CE /* ContentView.swift */; };
		4141B70E2C6B3831000BA9CE /* Assets.xcassets in Resources */ = {isa = PBXBuildFile; fileRef = 4141B70D2C6B3831000BA9CE /* Assets.xcassets */; };
		4141B7112C6B3831000BA9CE /* Preview Assets.xcassets in Resources */ = {isa = PBXBuildFile; fileRef = 4141B7102C6B3831000BA9CE /* Preview Assets.xcassets */; };
		4141B7182C6B38CD000BA9CE /* CountrySearchResponse.swift in Sources */ = {isa = PBXBuildFile; fileRef = 4141B7172C6B38CD000BA9CE /* CountrySearchResponse.swift */; };
		4141B71A2C6B3938000BA9CE /* Network.swift in Sources */ = {isa = PBXBuildFile; fileRef = 4141B7192C6B3938000BA9CE /* Network.swift */; };
		41F518072C6B691F0015B222 /* DetailsContentView.swift in Sources */ = {isa = PBXBuildFile; fileRef = 41F518062C6B691F0015B222 /* DetailsContentView.swift */; };
/* End PBXBuildFile section */

/* Begin PBXFileReference section */
		4141B7062C6B3830000BA9CE /* CountrySearchSwiftUI.app */ = {isa = PBXFileReference; explicitFileType = wrapper.application; includeInIndex = 0; path = CountrySearchSwiftUI.app; sourceTree = BUILT_PRODUCTS_DIR; };
		4141B7092C6B3830000BA9CE /* CountrySearchSwiftUIApp.swift */ = {isa = PBXFileReference; lastKnownFileType = sourcecode.swift; path = CountrySearchSwiftUIApp.swift; sourceTree = "<group>"; };
		4141B70B2C6B3830000BA9CE /* ContentView.swift */ = {isa = PBXFileReference; lastKnownFileType = sourcecode.swift; path = ContentView.swift; sourceTree = "<group>"; };
		4141B70D2C6B3831000BA9CE /* Assets.xcassets */ = {isa = PBXFileReference; lastKnownFileType = folder.assetcatalog; path = Assets.xcassets; sourceTree = "<group>"; };
		4141B7102C6B3831000BA9CE /* Preview Assets.xcassets */ = {isa = PBXFileReference; lastKnownFileType = folder.assetcatalog; path = "Preview Assets.xcassets"; sourceTree = "<group>"; };
		4141B7172C6B38CD000BA9CE /* CountrySearchResponse.swift */ = {isa = PBXFileReference; lastKnownFileType = sourcecode.swift; path = CountrySearchResponse.swift; sourceTree = "<group>"; };
		4141B7192C6B3938000BA9CE /* Network.swift */ = {isa = PBXFileReference; lastKnownFileType = sourcecode.swift; path = Network.swift; sourceTree = "<group>"; };
		41F518062C6B691F0015B222 /* DetailsContentView.swift */ = {isa = PBXFileReference; lastKnownFileType = sourcecode.swift; path = DetailsContentView.swift; sourceTree = "<group>"; };
/* End PBXFileReference section */

/* Begin PBXFrameworksBuildPhase section */
		4141B7032C6B3830000BA9CE /* Frameworks */ = {
			isa = PBXFrameworksBuildPhase;
			buildActionMask = 2147483647;
			files = (
			);
			runOnlyForDeploymentPostprocessing = 0;
		};
/* End PBXFrameworksBuildPhase section */

/* Begin PBXGroup section */
		4141B6FD2C6B3830000BA9CE = {
			isa = PBXGroup;
			children = (
				4141B7082C6B3830000BA9CE /* CountrySearchSwiftUI */,
				4141B7072C6B3830000BA9CE /* Products */,
			);
			sourceTree = "<group>";
		};
		4141B7072C6B3830000BA9CE /* Products */ = {
			isa = PBXGroup;
			children = (
				4141B7062C6B3830000BA9CE /* CountrySearchSwiftUI.app */,
			);
			name = Products;
			sourceTree = "<group>";
		};
		4141B7082C6B3830000BA9CE /* CountrySearchSwiftUI */ = {
			isa = PBXGroup;
			children = (
				4141B7092C6B3830000BA9CE /* CountrySearchSwiftUIApp.swift */,
				4141B7192C6B3938000BA9CE /* Network.swift */,
				4141B70B2C6B3830000BA9CE /* ContentView.swift */,
				41F518062C6B691F0015B222 /* DetailsContentView.swift */,
				4141B7172C6B38CD000BA9CE /* CountrySearchResponse.swift */,
				4141B70D2C6B3831000BA9CE /* Assets.xcassets */,
				4141B70F2C6B3831000BA9CE /* Preview Content */,
			);
			path = CountrySearchSwiftUI;
			sourceTree = "<group>";
		};
		4141B70F2C6B3831000BA9CE /* Preview Content */ = {
			isa = PBXGroup;
			children = (
				4141B7102C6B3831000BA9CE /* Preview Assets.xcassets */,
			);
			path = "Preview Content";
			sourceTree = "<group>";
		};
/* End PBXGroup section */

/* Begin PBXNativeTarget section */
		4141B7052C6B3830000BA9CE /* CountrySearchSwiftUI */ = {
			isa = PBXNativeTarget;
			buildConfigurationList = 4141B7142C6B3831000BA9CE /* Build configuration list for PBXNativeTarget "CountrySearchSwiftUI" */;
			buildPhases = (
				4141B7022C6B3830000BA9CE /* Sources */,
				4141B7032C6B3830000BA9CE /* Frameworks */,
				4141B7042C6B3830000BA9CE /* Resources */,
			);
			buildRules = (
			);
			dependencies = (
			);
			name = CountrySearchSwiftUI;
			productName = CountrySearchSwiftUI;
			productReference = 4141B7062C6B3830000BA9CE /* CountrySearchSwiftUI.app */;
			productType = "com.apple.product-type.application";
		};
/* End PBXNativeTarget section */

/* Begin PBXProject section */
		4141B6FE2C6B3830000BA9CE /* Project object */ = {
			isa = PBXProject;
			attributes = {
				BuildIndependentTargetsInParallel = 1;
				LastSwiftUpdateCheck = 1540;
				LastUpgradeCheck = 1540;
				TargetAttributes = {
					4141B7052C6B3830000BA9CE = {
						CreatedOnToolsVersion = 15.4;
					};
				};
			};
			buildConfigurationList = 4141B7012C6B3830000BA9CE /* Build configuration list for PBXProject "CountrySearchSwiftUI" */;
			compatibilityVersion = "Xcode 14.0";
			developmentRegion = en;
			hasScannedForEncodings = 0;
			knownRegions = (
				en,
				Base,
			);
			mainGroup = 4141B6FD2C6B3830000BA9CE;
			productRefGroup = 4141B7072C6B3830000BA9CE /* Products */;
			projectDirPath = "";
			projectRoot = "";
			targets = (
				4141B7052C6B3830000BA9CE /* CountrySearchSwiftUI */,
			);
		};
/* End PBXProject section */

/* Begin PBXResourcesBuildPhase section */
		4141B7042C6B3830000BA9CE /* Resources */ = {
			isa = PBXResourcesBuildPhase;
			buildActionMask = 2147483647;
			files = (
				4141B7112C6B3831000BA9CE /* Preview Assets.xcassets in Resources */,
				4141B70E2C6B3831000BA9CE /* Assets.xcassets in Resources */,
			);
			runOnlyForDeploymentPostprocessing = 0;
		};
/* End PBXResourcesBuildPhase section */

/* Begin PBXSourcesBuildPhase section */
		4141B7022C6B3830000BA9CE /* Sources */ = {
			isa = PBXSourcesBuildPhase;
			buildActionMask = 2147483647;
			files = (
				4141B70C2C6B3830000BA9CE /* ContentView.swift in Sources */,
				4141B7182C6B38CD000BA9CE /* CountrySearchResponse.swift in Sources */,
				4141B71A2C6B3938000BA9CE /* Network.swift in Sources */,
				41F518072C6B691F0015B222 /* DetailsContentView.swift in Sources */,
				4141B70A2C6B3830000BA9CE /* CountrySearchSwiftUIApp.swift in Sources */,
			);
			runOnlyForDeploymentPostprocessing = 0;
		};
/* End PBXSourcesBuildPhase section */

/* Begin XCBuildConfiguration section */
		4141B7122C6B3831000BA9CE /* Debug */ = {
			isa = XCBuildConfiguration;
			buildSettings = {
				ALWAYS_SEARCH_USER_PATHS = NO;
				ASSETCATALOG_COMPILER_GENERATE_SWIFT_ASSET_SYMBOL_EXTENSIONS = YES;
				CLANG_ANALYZER_NONNULL = YES;
				CLANG_ANALYZER_NUMBER_OBJECT_CONVERSION = YES_AGGRESSIVE;
				CLANG_CXX_LANGUAGE_STANDARD = "gnu++20";
				CLANG_ENABLE_MODULES = YES;
				CLANG_ENABLE_OBJC_ARC = YES;
				CLANG_ENABLE_OBJC_WEAK = YES;
				CLANG_WARN_BLOCK_CAPTURE_AUTORELEASING = YES;
				CLANG_WARN_BOOL_CONVERSION = YES;
				CLANG_WARN_COMMA = YES;
				CLANG_WARN_CONSTANT_CONVERSION = YES;
				CLANG_WARN_DEPRECATED_OBJC_IMPLEMENTATIONS = YES;
				CLANG_WARN_DIRECT_OBJC_ISA_USAGE = YES_ERROR;
				CLANG_WARN_DOCUMENTATION_COMMENTS = YES;
				CLANG_WARN_EMPTY_BODY = YES;
				CLANG_WARN_ENUM_CONVERSION = YES;
				CLANG_WARN_INFINITE_RECURSION = YES;
				CLANG_WARN_INT_CONVERSION = YES;
				CLANG_WARN_NON_LITERAL_NULL_CONVERSION = YES;
				CLANG_WARN_OBJC_IMPLICIT_RETAIN_SELF = YES;
				CLANG_WARN_OBJC_LITERAL_CONVERSION = YES;
				CLANG_WARN_OBJC_ROOT_CLASS = YES_ERROR;
				CLANG_WARN_QUOTED_INCLUDE_IN_FRAMEWORK_HEADER = YES;
				CLANG_WARN_RANGE_LOOP_ANALYSIS = YES;
				CLANG_WARN_STRICT_PROTOTYPES = YES;
				CLANG_WARN_SUSPICIOUS_MOVE = YES;
				CLANG_WARN_UNGUARDED_AVAILABILITY = YES_AGGRESSIVE;
				CLANG_WARN_UNREACHABLE_CODE = YES;
				CLANG_WARN__DUPLICATE_METHOD_MATCH = YES;
				COPY_PHASE_STRIP = NO;
				DEBUG_INFORMATION_FORMAT = dwarf;
				ENABLE_STRICT_OBJC_MSGSEND = YES;
				ENABLE_TESTABILITY = YES;
				ENABLE_USER_SCRIPT_SANDBOXING = YES;
				GCC_C_LANGUAGE_STANDARD = gnu17;
				GCC_DYNAMIC_NO_PIC = NO;
				GCC_NO_COMMON_BLOCKS = YES;
				GCC_OPTIMIZATION_LEVEL = 0;
				GCC_PREPROCESSOR_DEFINITIONS = (
					"DEBUG=1",
					"$(inherited)",
				);
				GCC_WARN_64_TO_32_BIT_CONVERSION = YES;
				GCC_WARN_ABOUT_RETURN_TYPE = YES_ERROR;
				GCC_WARN_UNDECLARED_SELECTOR = YES;
				GCC_WARN_UNINITIALIZED_AUTOS = YES_AGGRESSIVE;
				GCC_WARN_UNUSED_FUNCTION = YES;
				GCC_WARN_UNUSED_VARIABLE = YES;
				IPHONEOS_DEPLOYMENT_TARGET = 17.5;
				LOCALIZATION_PREFERS_STRING_CATALOGS = YES;
				MTL_ENABLE_DEBUG_INFO = INCLUDE_SOURCE;
				MTL_FAST_MATH = YES;
				ONLY_ACTIVE_ARCH = YES;
				SDKROOT = iphoneos;
				SWIFT_ACTIVE_COMPILATION_CONDITIONS = "DEBUG $(inherited)";
				SWIFT_OPTIMIZATION_LEVEL = "-Onone";
			};
			name = Debug;
		};
		4141B7132C6B3831000BA9CE /* Release */ = {
			isa = XCBuildConfiguration;
			buildSettings = {
				ALWAYS_SEARCH_USER_PATHS = NO;
				ASSETCATALOG_COMPILER_GENERATE_SWIFT_ASSET_SYMBOL_EXTENSIONS = YES;
				CLANG_ANALYZER_NONNULL = YES;
				CLANG_ANALYZER_NUMBER_OBJECT_CONVERSION = YES_AGGRESSIVE;
				CLANG_CXX_LANGUAGE_STANDARD = "gnu++20";
				CLANG_ENABLE_MODULES = YES;
				CLANG_ENABLE_OBJC_ARC = YES;
				CLANG_ENABLE_OBJC_WEAK = YES;
				CLANG_WARN_BLOCK_CAPTURE_AUTORELEASING = YES;
				CLANG_WARN_BOOL_CONVERSION = YES;
				CLANG_WARN_COMMA = YES;
				CLANG_WARN_CONSTANT_CONVERSION = YES;
				CLANG_WARN_DEPRECATED_OBJC_IMPLEMENTATIONS = YES;
				CLANG_WARN_DIRECT_OBJC_ISA_USAGE = YES_ERROR;
				CLANG_WARN_DOCUMENTATION_COMMENTS = YES;
				CLANG_WARN_EMPTY_BODY = YES;
				CLANG_WARN_ENUM_CONVERSION = YES;
				CLANG_WARN_INFINITE_RECURSION = YES;
				CLANG_WARN_INT_CONVERSION = YES;
				CLANG_WARN_NON_LITERAL_NULL_CONVERSION = YES;
				CLANG_WARN_OBJC_IMPLICIT_RETAIN_SELF = YES;
				CLANG_WARN_OBJC_LITERAL_CONVERSION = YES;
				CLANG_WARN_OBJC_ROOT_CLASS = YES_ERROR;
				CLANG_WARN_QUOTED_INCLUDE_IN_FRAMEWORK_HEADER = YES;
				CLANG_WARN_RANGE_LOOP_ANALYSIS = YES;
				CLANG_WARN_STRICT_PROTOTYPES = YES;
				CLANG_WARN_SUSPICIOUS_MOVE = YES;
				CLANG_WARN_UNGUARDED_AVAILABILITY = YES_AGGRESSIVE;
				CLANG_WARN_UNREACHABLE_CODE = YES;
				CLANG_WARN__DUPLICATE_METHOD_MATCH = YES;
				COPY_PHASE_STRIP = NO;
				DEBUG_INFORMATION_FORMAT = "dwarf-with-dsym";
				ENABLE_NS_ASSERTIONS = NO;
				ENABLE_STRICT_OBJC_MSGSEND = YES;
				ENABLE_USER_SCRIPT_SANDBOXING = YES;
				GCC_C_LANGUAGE_STANDARD = gnu17;
				GCC_NO_COMMON_BLOCKS = YES;
				GCC_WARN_64_TO_32_BIT_CONVERSION = YES;
				GCC_WARN_ABOUT_RETURN_TYPE = YES_ERROR;
				GCC_WARN_UNDECLARED_SELECTOR = YES;
				GCC_WARN_UNINITIALIZED_AUTOS = YES_AGGRESSIVE;
				GCC_WARN_UNUSED_FUNCTION = YES;
				GCC_WARN_UNUSED_VARIABLE = YES;
				IPHONEOS_DEPLOYMENT_TARGET = 17.5;
				LOCALIZATION_PREFERS_STRING_CATALOGS = YES;
				MTL_ENABLE_DEBUG_INFO = NO;
				MTL_FAST_MATH = YES;
				SDKROOT = iphoneos;
				SWIFT_COMPILATION_MODE = wholemodule;
				VALIDATE_PRODUCT = YES;
			};
			name = Release;
		};
		4141B7152C6B3831000BA9CE /* Debug */ = {
			isa = XCBuildConfiguration;
			buildSettings = {
				ASSETCATALOG_COMPILER_APPICON_NAME = AppIcon;
				ASSETCATALOG_COMPILER_GLOBAL_ACCENT_COLOR_NAME = AccentColor;
				CODE_SIGN_STYLE = Automatic;
				CURRENT_PROJECT_VERSION = 1;
				DEVELOPMENT_ASSET_PATHS = "\"CountrySearchSwiftUI/Preview Content\"";
				DEVELOPMENT_TEAM = 9FKHV4ASJ3;
				ENABLE_PREVIEWS = YES;
				GENERATE_INFOPLIST_FILE = YES;
				INFOPLIST_KEY_UIApplicationSceneManifest_Generation = YES;
				INFOPLIST_KEY_UIApplicationSupportsIndirectInputEvents = YES;
				INFOPLIST_KEY_UILaunchScreen_Generation = YES;
				INFOPLIST_KEY_UISupportedInterfaceOrientations_iPad = "UIInterfaceOrientationPortrait UIInterfaceOrientationPortraitUpsideDown UIInterfaceOrientationLandscapeLeft UIInterfaceOrientationLandscapeRight";
				INFOPLIST_KEY_UISupportedInterfaceOrientations_iPhone = "UIInterfaceOrientationPortrait UIInterfaceOrientationLandscapeLeft UIInterfaceOrientationLandscapeRight";
				LD_RUNPATH_SEARCH_PATHS = (
					"$(inherited)",
					"@executable_path/Frameworks",
				);
				MARKETING_VERSION = 1.0;
				PRODUCT_BUNDLE_IDENTIFIER = com.busranurdogan.CountrySearchSwiftUI;
				PRODUCT_NAME = "$(TARGET_NAME)";
				SWIFT_EMIT_LOC_STRINGS = YES;
				SWIFT_VERSION = 5.0;
				TARGETED_DEVICE_FAMILY = "1,2";
			};
			name = Debug;
		};
		4141B7162C6B3831000BA9CE /* Release */ = {
			isa = XCBuildConfiguration;
			buildSettings = {
				ASSETCATALOG_COMPILER_APPICON_NAME = AppIcon;
				ASSETCATALOG_COMPILER_GLOBAL_ACCENT_COLOR_NAME = AccentColor;
				CODE_SIGN_STYLE = Automatic;
				CURRENT_PROJECT_VERSION = 1;
				DEVELOPMENT_ASSET_PATHS = "\"CountrySearchSwiftUI/Preview Content\"";
				DEVELOPMENT_TEAM = 9FKHV4ASJ3;
				ENABLE_PREVIEWS = YES;
				GENERATE_INFOPLIST_FILE = YES;
				INFOPLIST_KEY_UIApplicationSceneManifest_Generation = YES;
				INFOPLIST_KEY_UIApplicationSupportsIndirectInputEvents = YES;
				INFOPLIST_KEY_UILaunchScreen_Generation = YES;
				INFOPLIST_KEY_UISupportedInterfaceOrientations_iPad = "UIInterfaceOrientationPortrait UIInterfaceOrientationPortraitUpsideDown UIInterfaceOrientationLandscapeLeft UIInterfaceOrientationLandscapeRight";
				INFOPLIST_KEY_UISupportedInterfaceOrientations_iPhone = "UIInterfaceOrientationPortrait UIInterfaceOrientationLandscapeLeft UIInterfaceOrientationLandscapeRight";
				LD_RUNPATH_SEARCH_PATHS = (
					"$(inherited)",
					"@executable_path/Frameworks",
				);
				MARKETING_VERSION = 1.0;
				PRODUCT_BUNDLE_IDENTIFIER = com.busranurdogan.CountrySearchSwiftUI;
				PRODUCT_NAME = "$(TARGET_NAME)";
				SWIFT_EMIT_LOC_STRINGS = YES;
				SWIFT_VERSION = 5.0;
				TARGETED_DEVICE_FAMILY = "1,2";
			};
			name = Release;
		};
/* End XCBuildConfiguration section */

/* Begin XCConfigurationList section */
		4141B7012C6B3830000BA9CE /* Build configuration list for PBXProject "CountrySearchSwiftUI" */ = {
			isa = XCConfigurationList;
			buildConfigurations = (
				4141B7122C6B3831000BA9CE /* Debug */,
				4141B7132C6B3831000BA9CE /* Release */,
			);
			defaultConfigurationIsVisible = 0;
			defaultConfigurationName = Release;
		};
		4141B7142C6B3831000BA9CE /* Build configuration list for PBXNativeTarget "CountrySearchSwiftUI" */ = {
			isa = XCConfigurationList;
			buildConfigurations = (
				4141B7152C6B3831000BA9CE /* Debug */,
				4141B7162C6B3831000BA9CE /* Release */,
			);
			defaultConfigurationIsVisible = 0;
			defaultConfigurationName = Release;
		};
/* End XCConfigurationList section */
	};
	rootObject = 4141B6FE2C6B3830000BA9CE /* Project object */;
}
